Microsoft Visual Studio Solution File, Format Version 12.00
# Visual Studio Version 17
VisualStudioVersion = 17.5.2.0
MinimumVisualStudioVersion = 10.0.40219.1
Project("{FAE04EC0-301F-11D3-BF4B-00C04F79EFBC}") = "world-explorer-api", "world-explorer-api.csproj", "{D40718FD-CEC5-FC66-B43B-CFB7BA858F18}"
EndProject
Global
	GlobalSection(SolutionConfigurationPlatforms) = preSolution
		Debug|Any CPU = Debug|Any CPU
		Release|Any CPU = Release|Any CPU
	EndGlobalSection
	GlobalSection(ProjectConfigurationPlatforms) = postSolution
		{D40718FD-CEC5-FC66-B43B-CFB7BA858F18}.Debug|Any CPU.ActiveCfg = Debug|Any CPU
		{D40718FD-CEC5-FC66-B43B-CFB7BA858F18}.Debug|Any CPU.Build.0 = Debug|Any CPU
		{D40718FD-CEC5-FC66-B43B-CFB7BA858F18}.Release|Any CPU.ActiveCfg = Release|Any CPU
		{D40718FD-CEC5-FC66-B43B-CFB7BA858F18}.Release|Any CPU.Build.0 = Release|Any CPU
	EndGlobalSection
	GlobalSection(SolutionProperties) = preSolution
		HideSolutionNode = FALSE
	EndGlobalSection
	GlobalSection(ExtensibilityGlobals) = postSolution
		SolutionGuid = {D863A46C-A914-4628-9E85-DB3488665A13}
	EndGlobalSection
EndGlobal
